
Microsoft Visual Studio Solution File, Format Version 12.00
# Visual Studio 14
VisualStudioVersion = 14.0.25420.1
MinimumVisualStudioVersion = 10.0.40219.1
Project("{FAE04EC0-301F-11D3-BF4B-00C04F79EFBC}") = "RoutineManager", "App12\RoutineManager.csproj", "{8EE0A914-9305-4D05-AB00-CDBAD52E2C67}"
EndProject
Global
	GlobalSection(SolutionConfigurationPlatforms) = preSolution
		Ad-Hoc|iPhone = Ad-Hoc|iPhone
		Ad-Hoc|iPhoneSimulator = Ad-Hoc|iPhoneSimulator
		AppStore|iPhone = AppStore|iPhone
		AppStore|iPhoneSimulator = AppStore|iPhoneSimulator
		Debug|iPhone = Debug|iPhone
		Debug|iPhoneSimulator = Debug|iPhoneSimulator
		Release|iPhone = Release|iPhone
		Release|iPhoneSimulator = Release|iPhoneSimulator
	EndGlobalSection
	GlobalSection(ProjectConfigurationPlatforms) = postSolution
		{8EE0A914-9305-4D05-AB00-CDBAD52E2C67}.Ad-Hoc|iPhone.ActiveCfg = Ad-Hoc|iPhone
		{8EE0A914-9305-4D05-AB00-CDBAD52E2C67}.Ad-Hoc|iPhone.Build.0 = Ad-Hoc|iPhone
		{8EE0A914-9305-4D05-AB00-CDBAD52E2C67}.Ad-Hoc|iPhoneSimulator.ActiveCfg = Ad-Hoc|iPhoneSimulator
		{8EE0A914-9305-4D05-AB00-CDBAD52E2C67}.Ad-Hoc|iPhoneSimulator.Build.0 = Ad-Hoc|iPhoneSimulator
		{8EE0A914-9305-4D05-AB00-CDBAD52E2C67}.AppStore|iPhone.ActiveCfg = AppStore|iPhone
		{8EE0A914-9305-4D05-AB00-CDBAD52E2C67}.AppStore|iPhone.Build.0 = AppStore|iPhone
		{8EE0A914-9305-4D05-AB00-CDBAD52E2C67}.AppStore|iPhoneSimulator.ActiveCfg = AppStore|iPhoneSimulator
		{8EE0A914-9305-4D05-AB00-CDBAD52E2C67}.AppStore|iPhoneSimulator.Build.0 = AppStore|iPhoneSimulator
		{8EE0A914-9305-4D05-AB00-CDBAD52E2C67}.Debug|iPhone.ActiveCfg = Debug|iPhone
		{8EE0A914-9305-4D05-AB00-CDBAD52E2C67}.Debug|iPhone.Build.0 = Debug|iPhone
		{8EE0A914-9305-4D05-AB00-CDBAD52E2C67}.Debug|iPhoneSimulator.ActiveCfg = Debug|iPhoneSimulator
		{8EE0A914-9305-4D05-AB00-CDBAD52E2C67}.Debug|iPhoneSimulator.Build.0 = Debug|iPhoneSimulator
		{8EE0A914-9305-4D05-AB00-CDBAD52E2C67}.Release|iPhone.ActiveCfg = Release|iPhone
		{8EE0A914-9305-4D05-AB00-CDBAD52E2C67}.Release|iPhone.Build.0 = Release|iPhone
		{8EE0A914-9305-4D05-AB00-CDBAD52E2C67}.Release|iPhoneSimulator.ActiveCfg = Release|iPhoneSimulator
		{8EE0A914-9305-4D05-AB00-CDBAD52E2C67}.Release|iPhoneSimulator.Build.0 = Release|iPhoneSimulator
	EndGlobalSection
	GlobalSection(SolutionProperties) = preSolution
		HideSolutionNode = FALSE
	EndGlobalSection
EndGlobal
